
Microsoft Visual Studio Solution File, Format Version 12.00
# Visual Studio Version 16
VisualStudioVersion = 16.0.31729.503
MinimumVisualStudioVersion = 10.0.40219.1
Project("{FAE04EC0-301F-11D3-BF4B-00C04F79EFBC}") = "PratikumWeek14", "PratikumWeek14\PratikumWeek14.csproj", "{7A50AD0E-DECC-4581-81D4-A1051A77193B}"
EndProject
Global
	GlobalSection(SolutionConfigurationPlatforms) = preSolution
		Debug|Any CPU = Debug|Any CPU
		Release|Any CPU = Release|Any CPU
	EndGlobalSection
	GlobalSection(ProjectConfigurationPlatforms) = postSolution
		{7A50AD0E-DECC-4581-81D4-A1051A77193B}.Debug|Any CPU.ActiveCfg = Debug|Any CPU
		{7A50AD0E-DECC-4581-81D4-A1051A77193B}.Debug|Any CPU.Build.0 = Debug|Any CPU
		{7A50AD0E-DECC-4581-81D4-A1051A77193B}.Release|Any CPU.ActiveCfg = Release|Any CPU
		{7A50AD0E-DECC-4581-81D4-A1051A77193B}.Release|Any CPU.Build.0 = Release|Any CPU
	EndGlobalSection
	GlobalSection(SolutionProperties) = preSolution
		HideSolutionNode = FALSE
	EndGlobalSection
	GlobalSection(ExtensibilityGlobals) = postSolution
		SolutionGuid = {CC5CD677-12B7-4E8F-BCA7-2350135CAAA2}
	EndGlobalSection
EndGlobal
